<?xml version="1.0" encoding="utf-8"?>
<Project ToolsVersion="4.0" xmlns="http://schemas.microsoft.com/developer/msbuild/2003">
  <ItemGroup>
    <Filter Include="Исходные файлы">
      <UniqueIdentifier>{4FC737F1-C7A5-4376-A066-2A32D752A2FF}</UniqueIdentifier>
      <Extensions>cpp;c;cc;cxx;c++;cppm;ixx;def;odl;idl;hpj;bat;asm;asmx</Extensions>
    </Filter>
    <Filter Include="Файлы заголовков">
      <UniqueIdentifier>{93995380-89BD-4b04-88EB-625FBE52EBFB}</UniqueIdentifier>
      <Extensions>h;hh;hpp;hxx;h++;hm;inl;inc;ipp;xsd</Extensions>
    </Filter>
    <Filter Include="Файлы ресурсов">
      <UniqueIdentifier>{67DA6AB6-F800-4c08-8B7A-83BB121AAD01}</UniqueIdentifier>
      <Extensions>rc;ico;cur;bmp;dlg;rc2;rct;bin;rgs;gif;jpg;jpeg;jpe;resx;tiff;tif;png;wav;mfcribbon-ms</Extensions>
    </Filter>
    <Filter Include="Файлы заголовков\Object">
      <UniqueIdentifier>{236e6f5d-fc19-43ab-a97a-639c8b36071e}</UniqueIdentifier>
    </Filter>
    <Filter Include="Файлы заголовков\Mapper">
      <UniqueIdentifier>{8089c57d-2ff5-4cbd-97f3-64c7c3143579}</UniqueIdentifier>
    </Filter>
  </ItemGroup>
  <ItemGroup>
    <ClInclude Include="Employee.h">
      <Filter>Файлы заголовков\Object</Filter>
    </ClInclude>
    <ClInclude Include="Transfer.h">
      <Filter>Файлы заголовков\Object</Filter>
    </ClInclude>
    <ClInclude Include="Route.h">
      <Filter>Файлы заголовков\Object</Filter>
    </ClInclude>
    <ClInclude Include="City.h">
      <Filter>Файлы заголовков\Object</Filter>
    </ClInclude>
    <ClInclude Include="Country.h">
      <Filter>Файлы заголовков\Object</Filter>
    </ClInclude>
    <ClInclude Include="Hotel.h">
      <Filter>Файлы заголовков\Object</Filter>
    </ClInclude>
    <ClInclude Include="Company.h">
      <Filter>Файлы заголовков\Object</Filter>
    </ClInclude>
    <ClInclude Include="Flights.h">
      <Filter>Файлы заголовков\Object</Filter>
    </ClInclude>
    <ClInclude Include="Ticket.h">
      <Filter>Файлы заголовков\Object</Filter>
    </ClInclude>
    <ClInclude Include="Client.h">
      <Filter>Файлы заголовков\Object</Filter>
    </ClInclude>
    <ClInclude Include="Repository.h">
      <Filter>Файлы заголовков</Filter>
    </ClInclude>
    <ClInclude Include="Mapper.h">
      <Filter>Файлы заголовков\Mapper</Filter>
    </ClInclude>
    <ClInclude Include="CityMapper.h">
      <Filter>Файлы заголовков\Mapper</Filter>
    </ClInclude>
    <ClInclude Include="Connect.h">
      <Filter>Файлы заголовков</Filter>
    </ClInclude>
    <ClInclude Include="ClientMapper.h">
      <Filter>Файлы заголовков\Mapper</Filter>
    </ClInclude>
    <ClInclude Include="CompanyMapper.h">
      <Filter>Файлы заголовков\Mapper</Filter>
    </ClInclude>
    <ClInclude Include="CountryMapper.h">
      <Filter>Файлы заголовков\Mapper</Filter>
    </ClInclude>
    <ClInclude Include="EmployeeMapper.h">
      <Filter>Файлы заголовков\Mapper</Filter>
    </ClInclude>
    <ClInclude Include="FlightsMapper.h">
      <Filter>Файлы заголовков\Mapper</Filter>
    </ClInclude>
    <ClInclude Include="HotelMapper.h">
      <Filter>Файлы заголовков\Mapper</Filter>
    </ClInclude>
    <ClInclude Include="RouteMapper.h">
      <Filter>Файлы заголовков\Mapper</Filter>
    </ClInclude>
    <ClInclude Include="TicketMapper.h">
      <Filter>Файлы заголовков\Mapper</Filter>
    </ClInclude>
    <ClInclude Include="TransferMapper.h">
      <Filter>Файлы заголовков\Mapper</Filter>
    </ClInclude>
  </ItemGroup>
  <ItemGroup>
    <ClCompile Include="Transfer.cpp">
      <Filter>Исходные файлы</Filter>
    </ClCompile>
    <ClCompile Include="Ticket.cpp">
      <Filter>Исходные файлы</Filter>
    </ClCompile>
    <ClCompile Include="Route.cpp">
      <Filter>Исходные файлы</Filter>
    </ClCompile>
    <ClCompile Include="Hotel.cpp">
      <Filter>Исходные файлы</Filter>
    </ClCompile>
    <ClCompile Include="Flights.cpp">
      <Filter>Исходные файлы</Filter>
    </ClCompile>
    <ClCompile Include="City.cpp">
      <Filter>Исходные файлы</Filter>
    </ClCompile>
    <ClCompile Include="Client.cpp">
      <Filter>Исходные файлы</Filter>
    </ClCompile>
    <ClCompile Include="Company.cpp">
      <Filter>Исходные файлы</Filter>
    </ClCompile>
    <ClCompile Include="Country.cpp">
      <Filter>Исходные файлы</Filter>
    </ClCompile>
    <ClCompile Include="Employee.cpp">
      <Filter>Исходные файлы</Filter>
    </ClCompile>
    <ClCompile Include="Repository.cpp">
      <Filter>Исходные файлы</Filter>
    </ClCompile>
    <ClCompile Include="main.cpp">
      <Filter>Исходные файлы</Filter>
    </ClCompile>
    <ClCompile Include="CityMapper.cpp">
      <Filter>Исходные файлы</Filter>
    </ClCompile>
    <ClCompile Include="Connect.cpp">
      <Filter>Исходные файлы</Filter>
    </ClCompile>
    <ClCompile Include="ClientMapper.cpp">
      <Filter>Исходные файлы</Filter>
    </ClCompile>
    <ClCompile Include="CompanyMapper.cpp">
      <Filter>Исходные файлы</Filter>
    </ClCompile>
    <ClCompile Include="CountryMapper.cpp">
      <Filter>Исходные файлы</Filter>
    </ClCompile>
    <ClCompile Include="EmployeeMapper.cpp">
      <Filter>Исходные файлы</Filter>
    </ClCompile>
    <ClCompile Include="FlightsMapper.cpp">
      <Filter>Исходные файлы</Filter>
    </ClCompile>
    <ClCompile Include="HotelMapper.cpp">
      <Filter>Исходные файлы</Filter>
    </ClCompile>
    <ClCompile Include="TicketMapper.cpp">
      <Filter>Исходные файлы</Filter>
    </ClCompile>
    <ClCompile Include="TransferMapper.cpp">
      <Filter>Исходные файлы</Filter>
    </ClCompile>
    <ClCompile Include="RouteMapper.cpp">
      <Filter>Исходные файлы</Filter>
    </ClCompile>
  </ItemGroup>
</Project>